
Microsoft Visual Studio Solution File, Format Version 12.00
# Visual Studio Version 17
VisualStudioVersion = 17.10.34928.147
MinimumVisualStudioVersion = 10.0.40219.1
Project("{FAE04EC0-301F-11D3-BF4B-00C04F79EFBC}") = "Tarea3", "Tarea3\Tarea3.csproj", "{D5E4093A-DA0F-45D2-8C1F-C696745523D4}"
EndProject
Global
	GlobalSection(SolutionConfigurationPlatforms) = preSolution
		Debug|Any CPU = Debug|Any CPU
		Release|Any CPU = Release|Any CPU
	EndGlobalSection
	GlobalSection(ProjectConfigurationPlatforms) = postSolution
		{D5E4093A-DA0F-45D2-8C1F-C696745523D4}.Debug|Any CPU.ActiveCfg = Debug|Any CPU
		{D5E4093A-DA0F-45D2-8C1F-C696745523D4}.Debug|Any CPU.Build.0 = Debug|Any CPU
		{D5E4093A-DA0F-45D2-8C1F-C696745523D4}.Release|Any CPU.ActiveCfg = Release|Any CPU
		{D5E4093A-DA0F-45D2-8C1F-C696745523D4}.Release|Any CPU.Build.0 = Release|Any CPU
	EndGlobalSection
	GlobalSection(SolutionProperties) = preSolution
		HideSolutionNode = FALSE
	EndGlobalSection
	GlobalSection(ExtensibilityGlobals) = postSolution
		SolutionGuid = {382B897F-FE49-4B7F-9D46-C163D6FCCB21}
	EndGlobalSection
EndGlobal
